<?xml version="1.0" encoding="utf-8"?>
<Project ToolsVersion="4.0" xmlns="http://schemas.microsoft.com/developer/msbuild/2003">
  <ItemGroup>
    <Filter Include="Quelldateien">
      <UniqueIdentifier>{4FC737F1-C7A5-4376-A066-2A32D752A2FF}</UniqueIdentifier>
      <Extensions>cpp;c;cc;cxx;def;odl;idl;hpj;bat;asm;asmx</Extensions>
    </Filter>
    <Filter Include="Headerdateien">
      <UniqueIdentifier>{93995380-89BD-4b04-88EB-625FBE52EBFB}</UniqueIdentifier>
      <Extensions>h;hh;hpp;hxx;hm;inl;inc;ipp;xsd</Extensions>
    </Filter>
    <Filter Include="Ressourcendateien">
      <UniqueIdentifier>{67DA6AB6-F800-4c08-8B7A-83BB121AAD01}</UniqueIdentifier>
      <Extensions>rc;ico;cur;bmp;dlg;rc2;rct;bin;rgs;gif;jpg;jpeg;jpe;resx;tiff;tif;png;wav;mfcribbon-ms</Extensions>
    </Filter>
  </ItemGroup>
  <ItemGroup>
    <ClInclude Include="stdafx.h">
      <Filter>Headerdateien</Filter>
    </ClInclude>
    <ClInclude Include="targetver.h">
      <Filter>Headerdateien</Filter>
    </ClInclude>
    <ClInclude Include="A1Grid.h">
      <Filter>Headerdateien</Filter>
    </ClInclude>
    <ClInclude Include="A2Grid.h">
      <Filter>Headerdateien</Filter>
    </ClInclude>
    <ClInclude Include="GridGenerator.h">
      <Filter>Headerdateien</Filter>
    </ClInclude>
    <ClInclude Include="GridPoint1D.h">
      <Filter>Headerdateien</Filter>
    </ClInclude>
    <ClInclude Include="MatrixXd.h">
      <Filter>Headerdateien</Filter>
    </ClInclude>
    <ClInclude Include="Model1D.h">
      <Filter>Headerdateien</Filter>
    </ClInclude>
    <ClInclude Include="propertyContainer.h">
      <Filter>Headerdateien</Filter>
    </ClInclude>
    <ClInclude Include="smartProperty.h">
      <Filter>Headerdateien</Filter>
    </ClInclude>
    <ClInclude Include="Solver1D.h">
      <Filter>Headerdateien</Filter>
    </ClInclude>
    <ClInclude Include="Solver1D_Central.h">
      <Filter>Headerdateien</Filter>
    </ClInclude>
    <ClInclude Include="Solver1D_LaxWendroff.h">
      <Filter>Headerdateien</Filter>
    </ClInclude>
    <ClInclude Include="Solver1D_MacCormack.h">
      <Filter>Headerdateien</Filter>
    </ClInclude>
    <ClInclude Include="Solver1D_ROE.h">
      <Filter>Headerdateien</Filter>
    </ClInclude>
    <ClInclude Include="State1D.h">
      <Filter>Headerdateien</Filter>
    </ClInclude>
    <ClInclude Include="tinyxml2.h">
      <Filter>Headerdateien</Filter>
    </ClInclude>
  </ItemGroup>
  <ItemGroup>
    <ClCompile Include="stdafx.cpp">
      <Filter>Quelldateien</Filter>
    </ClCompile>
    <ClCompile Include="A1Grid.cpp">
      <Filter>Quelldateien</Filter>
    </ClCompile>
    <ClCompile Include="A2Grid.cpp">
      <Filter>Quelldateien</Filter>
    </ClCompile>
    <ClCompile Include="GridGenerator.cpp">
      <Filter>Quelldateien</Filter>
    </ClCompile>
    <ClCompile Include="GridPoint1D.cpp">
      <Filter>Quelldateien</Filter>
    </ClCompile>
    <ClCompile Include="MatrixXd.cpp">
      <Filter>Quelldateien</Filter>
    </ClCompile>
    <ClCompile Include="Model1D.cpp">
      <Filter>Quelldateien</Filter>
    </ClCompile>
    <ClCompile Include="Solver1D.cpp">
      <Filter>Quelldateien</Filter>
    </ClCompile>
    <ClCompile Include="Solver1D_Central.cpp">
      <Filter>Quelldateien</Filter>
    </ClCompile>
    <ClCompile Include="Solver1D_LaxWendroff.cpp">
      <Filter>Quelldateien</Filter>
    </ClCompile>
    <ClCompile Include="Solver1D_MacCormack.cpp">
      <Filter>Quelldateien</Filter>
    </ClCompile>
    <ClCompile Include="Solver1D_ROE.cpp">
      <Filter>Quelldateien</Filter>
    </ClCompile>
    <ClCompile Include="State1D.cpp">
      <Filter>Quelldateien</Filter>
    </ClCompile>
    <ClCompile Include="tinyxml2.cpp">
      <Filter>Quelldateien</Filter>
    </ClCompile>
  </ItemGroup>
</Project>